
Microsoft Visual Studio Solution File, Format Version 12.00
# Visual Studio Version 16
VisualStudioVersion = 16.0.29306.81
MinimumVisualStudioVersion = 10.0.40219.1
Project("{9A19103F-16F7-4668-BE54-9A1E7A4F7556}") = "TennisKataTDD", "TennisKataTDD\TennisKataTDD.csproj", "{DCC3EEE3-6F75-4BD7-9338-7C8FC9D90435}"
EndProject
Project("{9A19103F-16F7-4668-BE54-9A1E7A4F7556}") = "TennisKataTDD.Tests", "TennisKataTDD.Tests\TennisKataTDD.Tests.csproj", "{1D81E51B-890B-43C8-B983-E079C8A307A8}"
EndProject
Global
	GlobalSection(SolutionConfigurationPlatforms) = preSolution
		Debug|Any CPU = Debug|Any CPU
		Release|Any CPU = Release|Any CPU
	EndGlobalSection
	GlobalSection(ProjectConfigurationPlatforms) = postSolution
		{DCC3EEE3-6F75-4BD7-9338-7C8FC9D90435}.Debug|Any CPU.ActiveCfg = Debug|Any CPU
		{DCC3EEE3-6F75-4BD7-9338-7C8FC9D90435}.Debug|Any CPU.Build.0 = Debug|Any CPU
		{DCC3EEE3-6F75-4BD7-9338-7C8FC9D90435}.Release|Any CPU.ActiveCfg = Release|Any CPU
		{DCC3EEE3-6F75-4BD7-9338-7C8FC9D90435}.Release|Any CPU.Build.0 = Release|Any CPU
		{1D81E51B-890B-43C8-B983-E079C8A307A8}.Debug|Any CPU.ActiveCfg = Debug|Any CPU
		{1D81E51B-890B-43C8-B983-E079C8A307A8}.Debug|Any CPU.Build.0 = Debug|Any CPU
		{1D81E51B-890B-43C8-B983-E079C8A307A8}.Release|Any CPU.ActiveCfg = Release|Any CPU
		{1D81E51B-890B-43C8-B983-E079C8A307A8}.Release|Any CPU.Build.0 = Release|Any CPU
	EndGlobalSection
	GlobalSection(SolutionProperties) = preSolution
		HideSolutionNode = FALSE
	EndGlobalSection
	GlobalSection(ExtensibilityGlobals) = postSolution
		SolutionGuid = {7FE7D4E6-34F6-4E85-B0AB-376424A9B47F}
	EndGlobalSection
EndGlobal
